// !$*UTF8*$!
{
	archiveVersion = 1;
	classes = {
	};
	objectVersion = 56;
	objects = {

/* Begin PBXBuildFile section */
		D6F639362A32907800F2081C /* POC_DirtyBuildApp.swift in Sources */ = {isa = PBXBuildFile; fileRef = D6F639352A32907800F2081C /* POC_DirtyBuildApp.swift */; };
		D6F639382A32907800F2081C /* ContentView.swift in Sources */ = {isa = PBXBuildFile; fileRef = D6F639372A32907800F2081C /* ContentView.swift */; };
		D6F6393A2A32907900F2081C /* Assets.xcassets in Resources */ = {isa = PBXBuildFile; fileRef = D6F639392A32907900F2081C /* Assets.xcassets */; };
		D6F6393D2A32907900F2081C /* Preview Assets.xcassets in Resources */ = {isa = PBXBuildFile; fileRef = D6F6393C2A32907900F2081C /* Preview Assets.xcassets */; };
		D6F639472A32907900F2081C /* POC_DirtyBuildTests.swift in Sources */ = {isa = PBXBuildFile; fileRef = D6F639462A32907900F2081C /* POC_DirtyBuildTests.swift */; };
		D6F639512A32907900F2081C /* POC_DirtyBuildUITests.swift in Sources */ = {isa = PBXBuildFile; fileRef = D6F639502A32907900F2081C /* POC_DirtyBuildUITests.swift */; };
		D6F639532A32907900F2081C /* POC_DirtyBuildUITestsLaunchTests.swift in Sources */ = {isa = PBXBuildFile; fileRef = D6F639522A32907900F2081C /* POC_DirtyBuildUITestsLaunchTests.swift */; };
/* End PBXBuildFile section */

/* Begin PBXContainerItemProxy section */
		D6F639432A32907900F2081C /* PBXContainerItemProxy */ = {
			isa = PBXContainerItemProxy;
			containerPortal = D6F6392A2A32907800F2081C /* Project object */;
			proxyType = 1;
			remoteGlobalIDString = D6F639312A32907800F2081C;
			remoteInfo = POC_DirtyBuild;
		};
		D6F6394D2A32907900F2081C /* PBXContainerItemProxy */ = {
			isa = PBXContainerItemProxy;
			containerPortal = D6F6392A2A32907800F2081C /* Project object */;
			proxyType = 1;
			remoteGlobalIDString = D6F639312A32907800F2081C;
			remoteInfo = POC_DirtyBuild;
		};
/* End PBXContainerItemProxy section */

/* Begin PBXFileReference section */
		D6F639322A32907800F2081C /* POC_DirtyBuild.app */ = {isa = PBXFileReference; explicitFileType = wrapper.application; includeInIndex = 0; path = POC_DirtyBuild.app; sourceTree = BUILT_PRODUCTS_DIR; };
		D6F639352A32907800F2081C /* POC_DirtyBuildApp.swift */ = {isa = PBXFileReference; lastKnownFileType = sourcecode.swift; path = POC_DirtyBuildApp.swift; sourceTree = "<group>"; };
		D6F639372A32907800F2081C /* ContentView.swift */ = {isa = PBXFileReference; lastKnownFileType = sourcecode.swift; path = ContentView.swift; sourceTree = "<group>"; };
		D6F639392A32907900F2081C /* Assets.xcassets */ = {isa = PBXFileReference; lastKnownFileType = folder.assetcatalog; path = Assets.xcassets; sourceTree = "<group>"; };
		D6F6393C2A32907900F2081C /* Preview Assets.xcassets */ = {isa = PBXFileReference; lastKnownFileType = folder.assetcatalog; path = "Preview Assets.xcassets"; sourceTree = "<group>"; };
		D6F639422A32907900F2081C /* POC_DirtyBuildTests.xctest */ = {isa = PBXFileReference; explicitFileType = wrapper.cfbundle; includeInIndex = 0; path = POC_DirtyBuildTests.xctest; sourceTree = BUILT_PRODUCTS_DIR; };
		D6F639462A32907900F2081C /* POC_DirtyBuildTests.swift */ = {isa = PBXFileReference; lastKnownFileType = sourcecode.swift; path = POC_DirtyBuildTests.swift; sourceTree = "<group>"; };
		D6F6394C2A32907900F2081C /* POC_DirtyBuildUITests.xctest */ = {isa = PBXFileReference; explicitFileType = wrapper.cfbundle; includeInIndex = 0; path = POC_DirtyBuildUITests.xctest; sourceTree = BUILT_PRODUCTS_DIR; };
		D6F639502A32907900F2081C /* POC_DirtyBuildUITests.swift */ = {isa = PBXFileReference; lastKnownFileType = sourcecode.swift; path = POC_DirtyBuildUITests.swift; sourceTree = "<group>"; };
		D6F639522A32907900F2081C /* POC_DirtyBuildUITestsLaunchTests.swift */ = {isa = PBXFileReference; lastKnownFileType = sourcecode.swift; path = POC_DirtyBuildUITestsLaunchTests.swift; sourceTree = "<group>"; };
/* End PBXFileReference section */

/* Begin PBXFrameworksBuildPhase section */
		D6F6392F2A32907800F2081C /* Frameworks */ = {
			isa = PBXFrameworksBuildPhase;
			buildActionMask = 2147483647;
			files = (
			);
			runOnlyForDeploymentPostprocessing = 0;
		};
		D6F6393F2A32907900F2081C /* Frameworks */ = {
			isa = PBXFrameworksBuildPhase;
			buildActionMask = 2147483647;
			files = (
			);
			runOnlyForDeploymentPostprocessing = 0;
		};
		D6F639492A32907900F2081C /* Frameworks */ = {
			isa = PBXFrameworksBuildPhase;
			buildActionMask = 2147483647;
			files = (
			);
			runOnlyForDeploymentPostprocessing = 0;
		};
/* End PBXFrameworksBuildPhase section */

/* Begin PBXGroup section */
		D6F639292A32907800F2081C = {
			isa = PBXGroup;
			children = (
				D6F639342A32907800F2081C /* POC_DirtyBuild */,
				D6F639452A32907900F2081C /* POC_DirtyBuildTests */,
				D6F6394F2A32907900F2081C /* POC_DirtyBuildUITests */,
				D6F639332A32907800F2081C /* Products */,
			);
			sourceTree = "<group>";
		};
		D6F639332A32907800F2081C /* Products */ = {
			isa = PBXGroup;
			children = (
				D6F639322A32907800F2081C /* POC_DirtyBuild.app */,
				D6F639422A32907900F2081C /* POC_DirtyBuildTests.xctest */,
				D6F6394C2A32907900F2081C /* POC_DirtyBuildUITests.xctest */,
			);
			name = Products;
			sourceTree = "<group>";
		};
		D6F639342A32907800F2081C /* POC_DirtyBuild */ = {
			isa = PBXGroup;
			children = (
				D6F639352A32907800F2081C /* POC_DirtyBuildApp.swift */,
				D6F639372A32907800F2081C /* ContentView.swift */,
				D6F639392A32907900F2081C /* Assets.xcassets */,
				D6F6393B2A32907900F2081C /* Preview Content */,
			);
			path = POC_DirtyBuild;
			sourceTree = "<group>";
		};
		D6F6393B2A32907900F2081C /* Preview Content */ = {
			isa = PBXGroup;
			children = (
				D6F6393C2A32907900F2081C /* Preview Assets.xcassets */,
			);
			path = "Preview Content";
			sourceTree = "<group>";
		};
		D6F639452A32907900F2081C /* POC_DirtyBuildTests */ = {
			isa = PBXGroup;
			children = (
				D6F639462A32907900F2081C /* POC_DirtyBuildTests.swift */,
			);
			path = POC_DirtyBuildTests;
			sourceTree = "<group>";
		};
		D6F6394F2A32907900F2081C /* POC_DirtyBuildUITests */ = {
			isa = PBXGroup;
			children = (
				D6F639502A32907900F2081C /* POC_DirtyBuildUITests.swift */,
				D6F639522A32907900F2081C /* POC_DirtyBuildUITestsLaunchTests.swift */,
			);
			path = POC_DirtyBuildUITests;
			sourceTree = "<group>";
		};
/* End PBXGroup section */

/* Begin PBXNativeTarget section */
		D6F639312A32907800F2081C /* POC_DirtyBuild */ = {
			isa = PBXNativeTarget;
			buildConfigurationList = D6F639562A32907900F2081C /* Build configuration list for PBXNativeTarget "POC_DirtyBuild" */;
			buildPhases = (
				D6F6392E2A32907800F2081C /* Sources */,
				D6F6392F2A32907800F2081C /* Frameworks */,
				D6F639302A32907800F2081C /* Resources */,
			);
			buildRules = (
			);
			dependencies = (
			);
			name = POC_DirtyBuild;
			productName = POC_DirtyBuild;
			productReference = D6F639322A32907800F2081C /* POC_DirtyBuild.app */;
			productType = "com.apple.product-type.application";
		};
		D6F639412A32907900F2081C /* POC_DirtyBuildTests */ = {
			isa = PBXNativeTarget;
			buildConfigurationList = D6F639592A32907900F2081C /* Build configuration list for PBXNativeTarget "POC_DirtyBuildTests" */;
			buildPhases = (
				D6F6393E2A32907900F2081C /* Sources */,
				D6F6393F2A32907900F2081C /* Frameworks */,
				D6F639402A32907900F2081C /* Resources */,
			);
			buildRules = (
			);
			dependencies = (
				D6F639442A32907900F2081C /* PBXTargetDependency */,
			);
			name = POC_DirtyBuildTests;
			productName = POC_DirtyBuildTests;
			productReference = D6F639422A32907900F2081C /* POC_DirtyBuildTests.xctest */;
			productType = "com.apple.product-type.bundle.unit-test";
		};
		D6F6394B2A32907900F2081C /* POC_DirtyBuildUITests */ = {
			isa = PBXNativeTarget;
			buildConfigurationList = D6F6395C2A32907900F2081C /* Build configuration list for PBXNativeTarget "POC_DirtyBuildUITests" */;
			buildPhases = (
				D6F639482A32907900F2081C /* Sources */,
				D6F639492A32907900F2081C /* Frameworks */,
				D6F6394A2A32907900F2081C /* Resources */,
			);
			buildRules = (
			);
			dependencies = (
				D6F6394E2A32907900F2081C /* PBXTargetDependency */,
			);
			name = POC_DirtyBuildUITests;
			productName = POC_DirtyBuildUITests;
			productReference = D6F6394C2A32907900F2081C /* POC_DirtyBuildUITests.xctest */;
			productType = "com.apple.product-type.bundle.ui-testing";
		};
/* End PBXNativeTarget section */

/* Begin PBXProject section */
		D6F6392A2A32907800F2081C /* Project object */ = {
			isa = PBXProject;
			attributes = {
				BuildIndependentTargetsInParallel = 1;
				LastSwiftUpdateCheck = 1430;
				LastUpgradeCheck = 1430;
				TargetAttributes = {
					D6F639312A32907800F2081C = {
						CreatedOnToolsVersion = 14.3.1;
					};
					D6F639412A32907900F2081C = {
						CreatedOnToolsVersion = 14.3.1;
						TestTargetID = D6F639312A32907800F2081C;
					};
					D6F6394B2A32907900F2081C = {
						CreatedOnToolsVersion = 14.3.1;
						TestTargetID = D6F639312A32907800F2081C;
					};
				};
			};
			buildConfigurationList = D6F6392D2A32907800F2081C /* Build configuration list for PBXProject "POC_DirtyBuild" */;
			compatibilityVersion = "Xcode 14.0";
			developmentRegion = en;
			hasScannedForEncodings = 0;
			knownRegions = (
				en,
				Base,
			);
			mainGroup = D6F639292A32907800F2081C;
			productRefGroup = D6F639332A32907800F2081C /* Products */;
			projectDirPath = "";
			projectRoot = "";
			targets = (
				D6F639312A32907800F2081C /* POC_DirtyBuild */,
				D6F639412A32907900F2081C /* POC_DirtyBuildTests */,
				D6F6394B2A32907900F2081C /* POC_DirtyBuildUITests */,
			);
		};
/* End PBXProject section */

/* Begin PBXResourcesBuildPhase section */
		D6F639302A32907800F2081C /* Resources */ = {
			isa = PBXResourcesBuildPhase;
			buildActionMask = 2147483647;
			files = (
				D6F6393D2A32907900F2081C /* Preview Assets.xcassets in Resources */,
				D6F6393A2A32907900F2081C /* Assets.xcassets in Resources */,
			);
			runOnlyForDeploymentPostprocessing = 0;
		};
		D6F639402A32907900F2081C /* Resources */ = {
			isa = PBXResourcesBuildPhase;
			buildActionMask = 2147483647;
			files = (
			);
			runOnlyForDeploymentPostprocessing = 0;
		};
		D6F6394A2A32907900F2081C /* Resources */ = {
			isa = PBXResourcesBuildPhase;
			buildActionMask = 2147483647;
			files = (
			);
			runOnlyForDeploymentPostprocessing = 0;
		};
/* End PBXResourcesBuildPhase section */

/* Begin PBXSourcesBuildPhase section */
		D6F6392E2A32907800F2081C /* Sources */ = {
			isa = PBXSourcesBuildPhase;
			buildActionMask = 2147483647;
			files = (
				D6F639382A32907800F2081C /* ContentView.swift in Sources */,
				D6F639362A32907800F2081C /* POC_DirtyBuildApp.swift in Sources */,
			);
			runOnlyForDeploymentPostprocessing = 0;
		};
		D6F6393E2A32907900F2081C /* Sources */ = {
			isa = PBXSourcesBuildPhase;
			buildActionMask = 2147483647;
			files = (
				D6F639472A32907900F2081C /* POC_DirtyBuildTests.swift in Sources */,
			);
			runOnlyForDeploymentPostprocessing = 0;
		};
		D6F639482A32907900F2081C /* Sources */ = {
			isa = PBXSourcesBuildPhase;
			buildActionMask = 2147483647;
			files = (
				D6F639512A32907900F2081C /* POC_DirtyBuildUITests.swift in Sources */,
				D6F639532A32907900F2081C /* POC_DirtyBuildUITestsLaunchTests.swift in Sources */,
			);
			runOnlyForDeploymentPostprocessing = 0;
		};
/* End PBXSourcesBuildPhase section */

/* Begin PBXTargetDependency section */
		D6F639442A32907900F2081C /* PBXTargetDependency */ = {
			isa = PBXTargetDependency;
			target = D6F639312A32907800F2081C /* POC_DirtyBuild */;
			targetProxy = D6F639432A32907900F2081C /* PBXContainerItemProxy */;
		};
		D6F6394E2A32907900F2081C /* PBXTargetDependency */ = {
			isa = PBXTargetDependency;
			target = D6F639312A32907800F2081C /* POC_DirtyBuild */;
			targetProxy = D6F6394D2A32907900F2081C /* PBXContainerItemProxy */;
		};
/* End PBXTargetDependency section */

/* Begin XCBuildConfiguration section */
		D6F639542A32907900F2081C /* Debug */ = {
			isa = XCBuildConfiguration;
			buildSettings = {
				ALWAYS_SEARCH_USER_PATHS = NO;
				CLANG_ANALYZER_NONNULL = YES;
				CLANG_ANALYZER_NUMBER_OBJECT_CONVERSION = YES_AGGRESSIVE;
				CLANG_CXX_LANGUAGE_STANDARD = "gnu++20";
				CLANG_ENABLE_MODULES = YES;
				CLANG_ENABLE_OBJC_ARC = YES;
				CLANG_ENABLE_OBJC_WEAK = YES;
				CLANG_WARN_BLOCK_CAPTURE_AUTORELEASING = YES;
				CLANG_WARN_BOOL_CONVERSION = YES;
				CLANG_WARN_COMMA = YES;
				CLANG_WARN_CONSTANT_CONVERSION = YES;
				CLANG_WARN_DEPRECATED_OBJC_IMPLEMENTATIONS = YES;
				CLANG_WARN_DIRECT_OBJC_ISA_USAGE = YES_ERROR;
				CLANG_WARN_DOCUMENTATION_COMMENTS = YES;
				CLANG_WARN_EMPTY_BODY = YES;
				CLANG_WARN_ENUM_CONVERSION = YES;
				CLANG_WARN_INFINITE_RECURSION = YES;
				CLANG_WARN_INT_CONVERSION = YES;
				CLANG_WARN_NON_LITERAL_NULL_CONVERSION = YES;
				CLANG_WARN_OBJC_IMPLICIT_RETAIN_SELF = YES;
				CLANG_WARN_OBJC_LITERAL_CONVERSION = YES;
				CLANG_WARN_OBJC_ROOT_CLASS = YES_ERROR;
				CLANG_WARN_QUOTED_INCLUDE_IN_FRAMEWORK_HEADER = YES;
				CLANG_WARN_RANGE_LOOP_ANALYSIS = YES;
				CLANG_WARN_STRICT_PROTOTYPES = YES;
				CLANG_WARN_SUSPICIOUS_MOVE = YES;
				CLANG_WARN_UNGUARDED_AVAILABILITY = YES_AGGRESSIVE;
				CLANG_WARN_UNREACHABLE_CODE = YES;
				CLANG_WARN__DUPLICATE_METHOD_MATCH = YES;
				COPY_PHASE_STRIP = NO;
				DEBUG_INFORMATION_FORMAT = dwarf;
				ENABLE_STRICT_OBJC_MSGSEND = YES;
				ENABLE_TESTABILITY = YES;
				GCC_C_LANGUAGE_STANDARD = gnu11;
				GCC_DYNAMIC_NO_PIC = NO;
				GCC_NO_COMMON_BLOCKS = YES;
				GCC_OPTIMIZATION_LEVEL = 0;
				GCC_PREPROCESSOR_DEFINITIONS = (
					"DEBUG=1",
					"$(inherited)",
				);
				GCC_WARN_64_TO_32_BIT_CONVERSION = YES;
				GCC_WARN_ABOUT_RETURN_TYPE = YES_ERROR;
				GCC_WARN_UNDECLARED_SELECTOR = YES;
				GCC_WARN_UNINITIALIZED_AUTOS = YES_AGGRESSIVE;
				GCC_WARN_UNUSED_FUNCTION = YES;
				GCC_WARN_UNUSED_VARIABLE = YES;
				IPHONEOS_DEPLOYMENT_TARGET = 16.4;
				MTL_ENABLE_DEBUG_INFO = INCLUDE_SOURCE;
				MTL_FAST_MATH = YES;
				ONLY_ACTIVE_ARCH = YES;
				SDKROOT = iphoneos;
				SWIFT_ACTIVE_COMPILATION_CONDITIONS = DEBUG;
				SWIFT_OPTIMIZATION_LEVEL = "-Onone";
			};
			name = Debug;
		};
		D6F639552A32907900F2081C /* Release */ = {
			isa = XCBuildConfiguration;
			buildSettings = {
				ALWAYS_SEARCH_USER_PATHS = NO;
				CLANG_ANALYZER_NONNULL = YES;
				CLANG_ANALYZER_NUMBER_OBJECT_CONVERSION = YES_AGGRESSIVE;
				CLANG_CXX_LANGUAGE_STANDARD = "gnu++20";
				CLANG_ENABLE_MODULES = YES;
				CLANG_ENABLE_OBJC_ARC = YES;
				CLANG_ENABLE_OBJC_WEAK = YES;
				CLANG_WARN_BLOCK_CAPTURE_AUTORELEASING = YES;
				CLANG_WARN_BOOL_CONVERSION = YES;
				CLANG_WARN_COMMA = YES;
				CLANG_WARN_CONSTANT_CONVERSION = YES;
				CLANG_WARN_DEPRECATED_OBJC_IMPLEMENTATIONS = YES;
				CLANG_WARN_DIRECT_OBJC_ISA_USAGE = YES_ERROR;
				CLANG_WARN_DOCUMENTATION_COMMENTS = YES;
				CLANG_WARN_EMPTY_BODY = YES;
				CLANG_WARN_ENUM_CONVERSION = YES;
				CLANG_WARN_INFINITE_RECURSION = YES;
				CLANG_WARN_INT_CONVERSION = YES;
				CLANG_WARN_NON_LITERAL_NULL_CONVERSION = YES;
				CLANG_WARN_OBJC_IMPLICIT_RETAIN_SELF = YES;
				CLANG_WARN_OBJC_LITERAL_CONVERSION = YES;
				CLANG_WARN_OBJC_ROOT_CLASS = YES_ERROR;
				CLANG_WARN_QUOTED_INCLUDE_IN_FRAMEWORK_HEADER = YES;
				CLANG_WARN_RANGE_LOOP_ANALYSIS = YES;
				CLANG_WARN_STRICT_PROTOTYPES = YES;
				CLANG_WARN_SUSPICIOUS_MOVE = YES;
				CLANG_WARN_UNGUARDED_AVAILABILITY = YES_AGGRESSIVE;
				CLANG_WARN_UNREACHABLE_CODE = YES;
				CLANG_WARN__DUPLICATE_METHOD_MATCH = YES;
				COPY_PHASE_STRIP = NO;
				DEBUG_INFORMATION_FORMAT = "dwarf-with-dsym";
				ENABLE_NS_ASSERTIONS = NO;
				ENABLE_STRICT_OBJC_MSGSEND = YES;
				GCC_C_LANGUAGE_STANDARD = gnu11;
				GCC_NO_COMMON_BLOCKS = YES;
				GCC_WARN_64_TO_32_BIT_CONVERSION = YES;
				GCC_WARN_ABOUT_RETURN_TYPE = YES_ERROR;
				GCC_WARN_UNDECLARED_SELECTOR = YES;
				GCC_WARN_UNINITIALIZED_AUTOS = YES_AGGRESSIVE;
				GCC_WARN_UNUSED_FUNCTION = YES;
				GCC_WARN_UNUSED_VARIABLE = YES;
				IPHONEOS_DEPLOYMENT_TARGET = 16.4;
				MTL_ENABLE_DEBUG_INFO = NO;
				MTL_FAST_MATH = YES;
				SDKROOT = iphoneos;
				SWIFT_COMPILATION_MODE = wholemodule;
				SWIFT_OPTIMIZATION_LEVEL = "-O";
				VALIDATE_PRODUCT = YES;
			};
			name = Release;
		};
		D6F639572A32907900F2081C /* Debug */ = {
			isa = XCBuildConfiguration;
			buildSettings = {
				ASSETCATALOG_COMPILER_APPICON_NAME = AppIcon;
				ASSETCATALOG_COMPILER_GLOBAL_ACCENT_COLOR_NAME = AccentColor;
				CODE_SIGN_STYLE = Automatic;
				CURRENT_PROJECT_VERSION = 1;
				DEVELOPMENT_ASSET_PATHS = "\"POC_DirtyBuild/Preview Content\"";
				DEVELOPMENT_TEAM = MCC2B4P5MZ;
				ENABLE_PREVIEWS = YES;
				GENERATE_INFOPLIST_FILE = YES;
				INFOPLIST_KEY_UIApplicationSceneManifest_Generation = YES;
				INFOPLIST_KEY_UIApplicationSupportsIndirectInputEvents = YES;
				INFOPLIST_KEY_UILaunchScreen_Generation = YES;
				INFOPLIST_KEY_UISupportedInterfaceOrientations_iPad = "UIInterfaceOrientationPortrait UIInterfaceOrientationPortraitUpsideDown UIInterfaceOrientationLandscapeLeft UIInterfaceOrientationLandscapeRight";
				INFOPLIST_KEY_UISupportedInterfaceOrientations_iPhone = "UIInterfaceOrientationPortrait UIInterfaceOrientationLandscapeLeft UIInterfaceOrientationLandscapeRight";
				LD_RUNPATH_SEARCH_PATHS = (
					"$(inherited)",
					"@executable_path/Frameworks",
				);
				MARKETING_VERSION = 1.0;
				PRODUCT_BUNDLE_IDENTIFIER = "Copland.POC-DirtyBuild";
				PRODUCT_NAME = "$(TARGET_NAME)";
				SWIFT_EMIT_LOC_STRINGS = YES;
				SWIFT_VERSION = 5.0;
				TARGETED_DEVICE_FAMILY = "1,2";
			};
			name = Debug;
		};
		D6F639582A32907900F2081C /* Release */ = {
			isa = XCBuildConfiguration;
			buildSettings = {
				ASSETCATALOG_COMPILER_APPICON_NAME = AppIcon;
				ASSETCATALOG_COMPILER_GLOBAL_ACCENT_COLOR_NAME = AccentColor;
				CODE_SIGN_STYLE = Automatic;
				CURRENT_PROJECT_VERSION = 1;
				DEVELOPMENT_ASSET_PATHS = "\"POC_DirtyBuild/Preview Content\"";
				DEVELOPMENT_TEAM = MCC2B4P5MZ;
				ENABLE_PREVIEWS = YES;
				GENERATE_INFOPLIST_FILE = YES;
				INFOPLIST_KEY_UIApplicationSceneManifest_Generation = YES;
				INFOPLIST_KEY_UIApplicationSupportsIndirectInputEvents = YES;
				INFOPLIST_KEY_UILaunchScreen_Generation = YES;
				INFOPLIST_KEY_UISupportedInterfaceOrientations_iPad = "UIInterfaceOrientationPortrait UIInterfaceOrientationPortraitUpsideDown UIInterfaceOrientationLandscapeLeft UIInterfaceOrientationLandscapeRight";
				INFOPLIST_KEY_UISupportedInterfaceOrientations_iPhone = "UIInterfaceOrientationPortrait UIInterfaceOrientationLandscapeLeft UIInterfaceOrientationLandscapeRight";
				LD_RUNPATH_SEARCH_PATHS = (
					"$(inherited)",
					"@executable_path/Frameworks",
				);
				MARKETING_VERSION = 1.0;
				PRODUCT_BUNDLE_IDENTIFIER = "Copland.POC-DirtyBuild";
				PRODUCT_NAME = "$(TARGET_NAME)";
				SWIFT_EMIT_LOC_STRINGS = YES;
				SWIFT_VERSION = 5.0;
				TARGETED_DEVICE_FAMILY = "1,2";
			};
			name = Release;
		};
		D6F6395A2A32907900F2081C /* Debug */ = {
			isa = XCBuildConfiguration;
			buildSettings = {
				ALWAYS_EMBED_SWIFT_STANDARD_LIBRARIES = YES;
				BUNDLE_LOADER = "$(TEST_HOST)";
				CODE_SIGN_STYLE = Automatic;
				CURRENT_PROJECT_VERSION = 1;
				DEVELOPMENT_TEAM = MCC2B4P5MZ;
				GENERATE_INFOPLIST_FILE = YES;
				IPHONEOS_DEPLOYMENT_TARGET = 16.4;
				MARKETING_VERSION = 1.0;
				PRODUCT_BUNDLE_IDENTIFIER = "Copland.POC-DirtyBuildTests";
				PRODUCT_NAME = "$(TARGET_NAME)";
				SWIFT_EMIT_LOC_STRINGS = NO;
				SWIFT_VERSION = 5.0;
				TARGETED_DEVICE_FAMILY = "1,2";
				TEST_HOST = "$(BUILT_PRODUCTS_DIR)/POC_DirtyBuild.app/$(BUNDLE_EXECUTABLE_FOLDER_PATH)/POC_DirtyBuild";
			};
			name = Debug;
		};
		D6F6395B2A32907900F2081C /* Release */ = {
			isa = XCBuildConfiguration;
			buildSettings = {
				ALWAYS_EMBED_SWIFT_STANDARD_LIBRARIES = YES;
				BUNDLE_LOADER = "$(TEST_HOST)";
				CODE_SIGN_STYLE = Automatic;
				CURRENT_PROJECT_VERSION = 1;
				DEVELOPMENT_TEAM = MCC2B4P5MZ;
				GENERATE_INFOPLIST_FILE = YES;
				IPHONEOS_DEPLOYMENT_TARGET = 16.4;
				MARKETING_VERSION = 1.0;
				PRODUCT_BUNDLE_IDENTIFIER = "Copland.POC-DirtyBuildTests";
				PRODUCT_NAME = "$(TARGET_NAME)";
				SWIFT_EMIT_LOC_STRINGS = NO;
				SWIFT_VERSION = 5.0;
				TARGETED_DEVICE_FAMILY = "1,2";
				TEST_HOST = "$(BUILT_PRODUCTS_DIR)/POC_DirtyBuild.app/$(BUNDLE_EXECUTABLE_FOLDER_PATH)/POC_DirtyBuild";
			};
			name = Release;
		};
		D6F6395D2A32907900F2081C /* Debug */ = {
			isa = XCBuildConfiguration;
			buildSettings = {
				ALWAYS_EMBED_SWIFT_STANDARD_LIBRARIES = YES;
				CODE_SIGN_STYLE = Automatic;
				CURRENT_PROJECT_VERSION = 1;
				DEVELOPMENT_TEAM = MCC2B4P5MZ;
				GENERATE_INFOPLIST_FILE = YES;
				MARKETING_VERSION = 1.0;
				PRODUCT_BUNDLE_IDENTIFIER = "Copland.POC-DirtyBuildUITests";
				PRODUCT_NAME = "$(TARGET_NAME)";
				SWIFT_EMIT_LOC_STRINGS = NO;
				SWIFT_VERSION = 5.0;
				TARGETED_DEVICE_FAMILY = "1,2";
				TEST_TARGET_NAME = POC_DirtyBuild;
			};
			name = Debug;
		};
		D6F6395E2A32907900F2081C /* Release */ = {
			isa = XCBuildConfiguration;
			buildSettings = {
				ALWAYS_EMBED_SWIFT_STANDARD_LIBRARIES = YES;
				CODE_SIGN_STYLE = Automatic;
				CURRENT_PROJECT_VERSION = 1;
				DEVELOPMENT_TEAM = MCC2B4P5MZ;
				GENERATE_INFOPLIST_FILE = YES;
				MARKETING_VERSION = 1.0;
				PRODUCT_BUNDLE_IDENTIFIER = "Copland.POC-DirtyBuildUITests";
				PRODUCT_NAME = "$(TARGET_NAME)";
				SWIFT_EMIT_LOC_STRINGS = NO;
				SWIFT_VERSION = 5.0;
				TARGETED_DEVICE_FAMILY = "1,2";
				TEST_TARGET_NAME = POC_DirtyBuild;
			};
			name = Release;
		};
/* End XCBuildConfiguration section */

/* Begin XCConfigurationList section */
		D6F6392D2A32907800F2081C /* Build configuration list for PBXProject "POC_DirtyBuild" */ = {
			isa = XCConfigurationList;
			buildConfigurations = (
				D6F639542A32907900F2081C /* Debug */,
				D6F639552A32907900F2081C /* Release */,
			);
			defaultConfigurationIsVisible = 0;
			defaultConfigurationName = Release;
		};
		D6F639562A32907900F2081C /* Build configuration list for PBXNativeTarget "POC_DirtyBuild" */ = {
			isa = XCConfigurationList;
			buildConfigurations = (
				D6F639572A32907900F2081C /* Debug */,
				D6F639582A32907900F2081C /* Release */,
			);
			defaultConfigurationIsVisible = 0;
			defaultConfigurationName = Release;
		};
		D6F639592A32907900F2081C /* Build configuration list for PBXNativeTarget "POC_DirtyBuildTests" */ = {
			isa = XCConfigurationList;
			buildConfigurations = (
				D6F6395A2A32907900F2081C /* Debug */,
				D6F6395B2A32907900F2081C /* Release */,
			);
			defaultConfigurationIsVisible = 0;
			defaultConfigurationName = Release;
		};
		D6F6395C2A32907900F2081C /* Build configuration list for PBXNativeTarget "POC_DirtyBuildUITests" */ = {
			isa = XCConfigurationList;
			buildConfigurations = (
				D6F6395D2A32907900F2081C /* Debug */,
				D6F6395E2A32907900F2081C /* Release */,
			);
			defaultConfigurationIsVisible = 0;
			defaultConfigurationName = Release;
		};
/* End XCConfigurationList section */
	};
	rootObject = D6F6392A2A32907800F2081C /* Project object */;
}
